
Microsoft Visual Studio Solution File, Format Version 12.00
# Visual Studio Version 16
VisualStudioVersion = 16.0.31112.23
MinimumVisualStudioVersion = 10.0.40219.1
Project("{FAE04EC0-301F-11D3-BF4B-00C04F79EFBC}") = "AHOY-Backend-Task", "AHOY-Backend-Task\AHOY-Backend-Task.csproj", "{791A197B-2F52-42F2-8C5A-A85B13DF980D}"
EndProject
Global
	GlobalSection(SolutionConfigurationPlatforms) = preSolution
		Debug|Any CPU = Debug|Any CPU
		Release|Any CPU = Release|Any CPU
	EndGlobalSection
	GlobalSection(ProjectConfigurationPlatforms) = postSolution
		{791A197B-2F52-42F2-8C5A-A85B13DF980D}.Debug|Any CPU.ActiveCfg = Debug|Any CPU
		{791A197B-2F52-42F2-8C5A-A85B13DF980D}.Debug|Any CPU.Build.0 = Debug|Any CPU
		{791A197B-2F52-42F2-8C5A-A85B13DF980D}.Release|Any CPU.ActiveCfg = Release|Any CPU
		{791A197B-2F52-42F2-8C5A-A85B13DF980D}.Release|Any CPU.Build.0 = Release|Any CPU
	EndGlobalSection
	GlobalSection(SolutionProperties) = preSolution
		HideSolutionNode = FALSE
	EndGlobalSection
	GlobalSection(ExtensibilityGlobals) = postSolution
		SolutionGuid = {E3DDD1D9-DB4F-4C49-85C8-C6FE69765F76}
	EndGlobalSection
EndGlobal
